// !$*UTF8*$!
{
	archiveVersion = 1;
	classes = {
	};
	objectVersion = 55;
	objects = {

/* Begin PBXBuildFile section */
		3B697B1527E4C24500A68494 /* AppDelegate.swift in Sources */ = {isa = PBXBuildFile; fileRef = 3B697B1427E4C24500A68494 /* AppDelegate.swift */; };
		3B697B1727E4C24500A68494 /* SceneDelegate.swift in Sources */ = {isa = PBXBuildFile; fileRef = 3B697B1627E4C24500A68494 /* SceneDelegate.swift */; };
		3B697B1927E4C24500A68494 /* ViewController.swift in Sources */ = {isa = PBXBuildFile; fileRef = 3B697B1827E4C24500A68494 /* ViewController.swift */; };
		3B697B1C27E4C24500A68494 /* Main.storyboard in Resources */ = {isa = PBXBuildFile; fileRef = 3B697B1A27E4C24500A68494 /* Main.storyboard */; };
		3B697B1E27E4C24800A68494 /* Assets.xcassets in Resources */ = {isa = PBXBuildFile; fileRef = 3B697B1D27E4C24800A68494 /* Assets.xcassets */; };
		3B697B2127E4C24800A68494 /* LaunchScreen.storyboard in Resources */ = {isa = PBXBuildFile; fileRef = 3B697B1F27E4C24800A68494 /* LaunchScreen.storyboard */; };
		3B697B2927E4C49100A68494 /* ring.json in Resources */ = {isa = PBXBuildFile; fileRef = 3B697B2827E4C49100A68494 /* ring.json */; };
		3B697B2F27E4EE1000A68494 /* Point.swift in Sources */ = {isa = PBXBuildFile; fileRef = 3B697B2E27E4EE1000A68494 /* Point.swift */; };
		3B697B3327E5C13400A68494 /* Drone.swift in Sources */ = {isa = PBXBuildFile; fileRef = 3B697B3227E5C13400A68494 /* Drone.swift */; };
		3B697B3527E5CE8F00A68494 /* DroneCollectionController.swift in Sources */ = {isa = PBXBuildFile; fileRef = 3B697B3427E5CE8F00A68494 /* DroneCollectionController.swift */; };
/* End PBXBuildFile section */

/* Begin PBXFileReference section */
		3B697B1127E4C24500A68494 /* olympic-drone.app */ = {isa = PBXFileReference; explicitFileType = wrapper.application; includeInIndex = 0; path = "olympic-drone.app"; sourceTree = BUILT_PRODUCTS_DIR; };
		3B697B1427E4C24500A68494 /* AppDelegate.swift */ = {isa = PBXFileReference; lastKnownFileType = sourcecode.swift; path = AppDelegate.swift; sourceTree = "<group>"; };
		3B697B1627E4C24500A68494 /* SceneDelegate.swift */ = {isa = PBXFileReference; lastKnownFileType = sourcecode.swift; path = SceneDelegate.swift; sourceTree = "<group>"; };
		3B697B1827E4C24500A68494 /* ViewController.swift */ = {isa = PBXFileReference; lastKnownFileType = sourcecode.swift; path = ViewController.swift; sourceTree = "<group>"; };
		3B697B1B27E4C24500A68494 /* Base */ = {isa = PBXFileReference; lastKnownFileType = file.storyboard; name = Base; path = Base.lproj/Main.storyboard; sourceTree = "<group>"; };
		3B697B1D27E4C24800A68494 /* Assets.xcassets */ = {isa = PBXFileReference; lastKnownFileType = folder.assetcatalog; path = Assets.xcassets; sourceTree = "<group>"; };
		3B697B2027E4C24800A68494 /* Base */ = {isa = PBXFileReference; lastKnownFileType = file.storyboard; name = Base; path = Base.lproj/LaunchScreen.storyboard; sourceTree = "<group>"; };
		3B697B2227E4C24800A68494 /* Info.plist */ = {isa = PBXFileReference; lastKnownFileType = text.plist.xml; path = Info.plist; sourceTree = "<group>"; };
		3B697B2827E4C49100A68494 /* ring.json */ = {isa = PBXFileReference; fileEncoding = 4; lastKnownFileType = text.json; path = ring.json; sourceTree = "<group>"; };
		3B697B2E27E4EE1000A68494 /* Point.swift */ = {isa = PBXFileReference; lastKnownFileType = sourcecode.swift; path = Point.swift; sourceTree = "<group>"; };
		3B697B3227E5C13400A68494 /* Drone.swift */ = {isa = PBXFileReference; lastKnownFileType = sourcecode.swift; path = Drone.swift; sourceTree = "<group>"; };
		3B697B3427E5CE8F00A68494 /* DroneCollectionController.swift */ = {isa = PBXFileReference; lastKnownFileType = sourcecode.swift; path = DroneCollectionController.swift; sourceTree = "<group>"; };
/* End PBXFileReference section */

/* Begin PBXFrameworksBuildPhase section */
		3B697B0E27E4C24500A68494 /* Frameworks */ = {
			isa = PBXFrameworksBuildPhase;
			buildActionMask = 2147483647;
			files = (
			);
			runOnlyForDeploymentPostprocessing = 0;
		};
/* End PBXFrameworksBuildPhase section */

/* Begin PBXGroup section */
		3B697B0827E4C24500A68494 = {
			isa = PBXGroup;
			children = (
				3B697B1327E4C24500A68494 /* olympic-drone */,
				3B697B1227E4C24500A68494 /* Products */,
			);
			sourceTree = "<group>";
		};
		3B697B1227E4C24500A68494 /* Products */ = {
			isa = PBXGroup;
			children = (
				3B697B1127E4C24500A68494 /* olympic-drone.app */,
			);
			name = Products;
			sourceTree = "<group>";
		};
		3B697B1327E4C24500A68494 /* olympic-drone */ = {
			isa = PBXGroup;
			children = (
				3B697B1427E4C24500A68494 /* AppDelegate.swift */,
				3B697B1627E4C24500A68494 /* SceneDelegate.swift */,
				3B697B1827E4C24500A68494 /* ViewController.swift */,
				3B697B3427E5CE8F00A68494 /* DroneCollectionController.swift */,
				3B697B3227E5C13400A68494 /* Drone.swift */,
				3B697B2E27E4EE1000A68494 /* Point.swift */,
				3B697B1A27E4C24500A68494 /* Main.storyboard */,
				3B697B1D27E4C24800A68494 /* Assets.xcassets */,
				3B697B2827E4C49100A68494 /* ring.json */,
				3B697B1F27E4C24800A68494 /* LaunchScreen.storyboard */,
				3B697B2227E4C24800A68494 /* Info.plist */,
			);
			path = "olympic-drone";
			sourceTree = "<group>";
		};
/* End PBXGroup section */

/* Begin PBXNativeTarget section */
		3B697B1027E4C24500A68494 /* olympic-drone */ = {
			isa = PBXNativeTarget;
			buildConfigurationList = 3B697B2527E4C24800A68494 /* Build configuration list for PBXNativeTarget "olympic-drone" */;
			buildPhases = (
				3B697B0D27E4C24500A68494 /* Sources */,
				3B697B0E27E4C24500A68494 /* Frameworks */,
				3B697B0F27E4C24500A68494 /* Resources */,
			);
			buildRules = (
			);
			dependencies = (
			);
			name = "olympic-drone";
			productName = "olympic-drone";
			productReference = 3B697B1127E4C24500A68494 /* olympic-drone.app */;
			productType = "com.apple.product-type.application";
		};
/* End PBXNativeTarget section */

/* Begin PBXProject section */
		3B697B0927E4C24500A68494 /* Project object */ = {
			isa = PBXProject;
			attributes = {
				BuildIndependentTargetsInParallel = 1;
				LastSwiftUpdateCheck = 1330;
				LastUpgradeCheck = 1330;
				TargetAttributes = {
					3B697B1027E4C24500A68494 = {
						CreatedOnToolsVersion = 13.3;
					};
				};
			};
			buildConfigurationList = 3B697B0C27E4C24500A68494 /* Build configuration list for PBXProject "olympic-drone" */;
			compatibilityVersion = "Xcode 13.0";
			developmentRegion = en;
			hasScannedForEncodings = 0;
			knownRegions = (
				en,
				Base,
			);
			mainGroup = 3B697B0827E4C24500A68494;
			productRefGroup = 3B697B1227E4C24500A68494 /* Products */;
			projectDirPath = "";
			projectRoot = "";
			targets = (
				3B697B1027E4C24500A68494 /* olympic-drone */,
			);
		};
/* End PBXProject section */

/* Begin PBXResourcesBuildPhase section */
		3B697B0F27E4C24500A68494 /* Resources */ = {
			isa = PBXResourcesBuildPhase;
			buildActionMask = 2147483647;
			files = (
				3B697B2127E4C24800A68494 /* LaunchScreen.storyboard in Resources */,
				3B697B2927E4C49100A68494 /* ring.json in Resources */,
				3B697B1E27E4C24800A68494 /* Assets.xcassets in Resources */,
				3B697B1C27E4C24500A68494 /* Main.storyboard in Resources */,
			);
			runOnlyForDeploymentPostprocessing = 0;
		};
/* End PBXResourcesBuildPhase section */

/* Begin PBXSourcesBuildPhase section */
		3B697B0D27E4C24500A68494 /* Sources */ = {
			isa = PBXSourcesBuildPhase;
			buildActionMask = 2147483647;
			files = (
				3B697B3527E5CE8F00A68494 /* DroneCollectionController.swift in Sources */,
				3B697B1927E4C24500A68494 /* ViewController.swift in Sources */,
				3B697B3327E5C13400A68494 /* Drone.swift in Sources */,
				3B697B2F27E4EE1000A68494 /* Point.swift in Sources */,
				3B697B1527E4C24500A68494 /* AppDelegate.swift in Sources */,
				3B697B1727E4C24500A68494 /* SceneDelegate.swift in Sources */,
			);
			runOnlyForDeploymentPostprocessing = 0;
		};
/* End PBXSourcesBuildPhase section */

/* Begin PBXVariantGroup section */
		3B697B1A27E4C24500A68494 /* Main.storyboard */ = {
			isa = PBXVariantGroup;
			children = (
				3B697B1B27E4C24500A68494 /* Base */,
			);
			name = Main.storyboard;
			sourceTree = "<group>";
		};
		3B697B1F27E4C24800A68494 /* LaunchScreen.storyboard */ = {
			isa = PBXVariantGroup;
			children = (
				3B697B2027E4C24800A68494 /* Base */,
			);
			name = LaunchScreen.storyboard;
			sourceTree = "<group>";
		};
/* End PBXVariantGroup section */

/* Begin XCBuildConfiguration section */
		3B697B2327E4C24800A68494 /* Debug */ = {
			isa = XCBuildConfiguration;
			buildSettings = {
				ALWAYS_SEARCH_USER_PATHS = NO;
				CLANG_ANALYZER_NONNULL = YES;
				CLANG_ANALYZER_NUMBER_OBJECT_CONVERSION = YES_AGGRESSIVE;
				CLANG_CXX_LANGUAGE_STANDARD = "gnu++17";
				CLANG_ENABLE_MODULES = YES;
				CLANG_ENABLE_OBJC_ARC = YES;
				CLANG_ENABLE_OBJC_WEAK = YES;
				CLANG_WARN_BLOCK_CAPTURE_AUTORELEASING = YES;
				CLANG_WARN_BOOL_CONVERSION = YES;
				CLANG_WARN_COMMA = YES;
				CLANG_WARN_CONSTANT_CONVERSION = YES;
				CLANG_WARN_DEPRECATED_OBJC_IMPLEMENTATIONS = YES;
				CLANG_WARN_DIRECT_OBJC_ISA_USAGE = YES_ERROR;
				CLANG_WARN_DOCUMENTATION_COMMENTS = YES;
				CLANG_WARN_EMPTY_BODY = YES;
				CLANG_WARN_ENUM_CONVERSION = YES;
				CLANG_WARN_INFINITE_RECURSION = YES;
				CLANG_WARN_INT_CONVERSION = YES;
				CLANG_WARN_NON_LITERAL_NULL_CONVERSION = YES;
				CLANG_WARN_OBJC_IMPLICIT_RETAIN_SELF = YES;
				CLANG_WARN_OBJC_LITERAL_CONVERSION = YES;
				CLANG_WARN_OBJC_ROOT_CLASS = YES_ERROR;
				CLANG_WARN_QUOTED_INCLUDE_IN_FRAMEWORK_HEADER = YES;
				CLANG_WARN_RANGE_LOOP_ANALYSIS = YES;
				CLANG_WARN_STRICT_PROTOTYPES = YES;
				CLANG_WARN_SUSPICIOUS_MOVE = YES;
				CLANG_WARN_UNGUARDED_AVAILABILITY = YES_AGGRESSIVE;
				CLANG_WARN_UNREACHABLE_CODE = YES;
				CLANG_WARN__DUPLICATE_METHOD_MATCH = YES;
				COPY_PHASE_STRIP = NO;
				DEBUG_INFORMATION_FORMAT = dwarf;
				ENABLE_STRICT_OBJC_MSGSEND = YES;
				ENABLE_TESTABILITY = YES;
				GCC_C_LANGUAGE_STANDARD = gnu11;
				GCC_DYNAMIC_NO_PIC = NO;
				GCC_NO_COMMON_BLOCKS = YES;
				GCC_OPTIMIZATION_LEVEL = 0;
				GCC_PREPROCESSOR_DEFINITIONS = (
					"DEBUG=1",
					"$(inherited)",
				);
				GCC_WARN_64_TO_32_BIT_CONVERSION = YES;
				GCC_WARN_ABOUT_RETURN_TYPE = YES_ERROR;
				GCC_WARN_UNDECLARED_SELECTOR = YES;
				GCC_WARN_UNINITIALIZED_AUTOS = YES_AGGRESSIVE;
				GCC_WARN_UNUSED_FUNCTION = YES;
				GCC_WARN_UNUSED_VARIABLE = YES;
				IPHONEOS_DEPLOYMENT_TARGET = 15.4;
				MTL_ENABLE_DEBUG_INFO = INCLUDE_SOURCE;
				MTL_FAST_MATH = YES;
				ONLY_ACTIVE_ARCH = YES;
				SDKROOT = iphoneos;
				SWIFT_ACTIVE_COMPILATION_CONDITIONS = DEBUG;
				SWIFT_OPTIMIZATION_LEVEL = "-Onone";
			};
			name = Debug;
		};
		3B697B2427E4C24800A68494 /* Release */ = {
			isa = XCBuildConfiguration;
			buildSettings = {
				ALWAYS_SEARCH_USER_PATHS = NO;
				CLANG_ANALYZER_NONNULL = YES;
				CLANG_ANALYZER_NUMBER_OBJECT_CONVERSION = YES_AGGRESSIVE;
				CLANG_CXX_LANGUAGE_STANDARD = "gnu++17";
				CLANG_ENABLE_MODULES = YES;
				CLANG_ENABLE_OBJC_ARC = YES;
				CLANG_ENABLE_OBJC_WEAK = YES;
				CLANG_WARN_BLOCK_CAPTURE_AUTORELEASING = YES;
				CLANG_WARN_BOOL_CONVERSION = YES;
				CLANG_WARN_COMMA = YES;
				CLANG_WARN_CONSTANT_CONVERSION = YES;
				CLANG_WARN_DEPRECATED_OBJC_IMPLEMENTATIONS = YES;
				CLANG_WARN_DIRECT_OBJC_ISA_USAGE = YES_ERROR;
				CLANG_WARN_DOCUMENTATION_COMMENTS = YES;
				CLANG_WARN_EMPTY_BODY = YES;
				CLANG_WARN_ENUM_CONVERSION = YES;
				CLANG_WARN_INFINITE_RECURSION = YES;
				CLANG_WARN_INT_CONVERSION = YES;
				CLANG_WARN_NON_LITERAL_NULL_CONVERSION = YES;
				CLANG_WARN_OBJC_IMPLICIT_RETAIN_SELF = YES;
				CLANG_WARN_OBJC_LITERAL_CONVERSION = YES;
				CLANG_WARN_OBJC_ROOT_CLASS = YES_ERROR;
				CLANG_WARN_QUOTED_INCLUDE_IN_FRAMEWORK_HEADER = YES;
				CLANG_WARN_RANGE_LOOP_ANALYSIS = YES;
				CLANG_WARN_STRICT_PROTOTYPES = YES;
				CLANG_WARN_SUSPICIOUS_MOVE = YES;
				CLANG_WARN_UNGUARDED_AVAILABILITY = YES_AGGRESSIVE;
				CLANG_WARN_UNREACHABLE_CODE = YES;
				CLANG_WARN__DUPLICATE_METHOD_MATCH = YES;
				COPY_PHASE_STRIP = NO;
				DEBUG_INFORMATION_FORMAT = "dwarf-with-dsym";
				ENABLE_NS_ASSERTIONS = NO;
				ENABLE_STRICT_OBJC_MSGSEND = YES;
				GCC_C_LANGUAGE_STANDARD = gnu11;
				GCC_NO_COMMON_BLOCKS = YES;
				GCC_WARN_64_TO_32_BIT_CONVERSION = YES;
				GCC_WARN_ABOUT_RETURN_TYPE = YES_ERROR;
				GCC_WARN_UNDECLARED_SELECTOR = YES;
				GCC_WARN_UNINITIALIZED_AUTOS = YES_AGGRESSIVE;
				GCC_WARN_UNUSED_FUNCTION = YES;
				GCC_WARN_UNUSED_VARIABLE = YES;
				IPHONEOS_DEPLOYMENT_TARGET = 15.4;
				MTL_ENABLE_DEBUG_INFO = NO;
				MTL_FAST_MATH = YES;
				SDKROOT = iphoneos;
				SWIFT_COMPILATION_MODE = wholemodule;
				SWIFT_OPTIMIZATION_LEVEL = "-O";
				VALIDATE_PRODUCT = YES;
			};
			name = Release;
		};
		3B697B2627E4C24800A68494 /* Debug */ = {
			isa = XCBuildConfiguration;
			buildSettings = {
				ASSETCATALOG_COMPILER_APPICON_NAME = AppIcon;
				ASSETCATALOG_COMPILER_GLOBAL_ACCENT_COLOR_NAME = AccentColor;
				CODE_SIGN_STYLE = Automatic;
				CURRENT_PROJECT_VERSION = 1;
				DEVELOPMENT_TEAM = CZJ4B54BQ5;
				GENERATE_INFOPLIST_FILE = YES;
				INFOPLIST_FILE = "olympic-drone/Info.plist";
				INFOPLIST_KEY_CFBundleDisplayName = "Olympic Drone";
				INFOPLIST_KEY_UIApplicationSupportsIndirectInputEvents = YES;
				INFOPLIST_KEY_UILaunchStoryboardName = LaunchScreen;
				INFOPLIST_KEY_UIMainStoryboardFile = Main;
				INFOPLIST_KEY_UIRequiresFullScreen = YES;
				INFOPLIST_KEY_UISupportedInterfaceOrientations_iPad = "UIInterfaceOrientationPortraitUpsideDown UIInterfaceOrientationLandscapeLeft UIInterfaceOrientationLandscapeRight";
				INFOPLIST_KEY_UISupportedInterfaceOrientations_iPhone = "UIInterfaceOrientationPortrait UIInterfaceOrientationLandscapeLeft UIInterfaceOrientationLandscapeRight";
				LD_RUNPATH_SEARCH_PATHS = (
					"$(inherited)",
					"@executable_path/Frameworks",
				);
				MARKETING_VERSION = 1.0;
				PRODUCT_BUNDLE_IDENTIFIER = "net.cmwang.olympic-drone";
				PRODUCT_NAME = "$(TARGET_NAME)";
				SWIFT_EMIT_LOC_STRINGS = YES;
				SWIFT_VERSION = 5.0;
				TARGETED_DEVICE_FAMILY = 2;
			};
			name = Debug;
		};
		3B697B2727E4C24800A68494 /* Release */ = {
			isa = XCBuildConfiguration;
			buildSettings = {
				ASSETCATALOG_COMPILER_APPICON_NAME = AppIcon;
				ASSETCATALOG_COMPILER_GLOBAL_ACCENT_COLOR_NAME = AccentColor;
				CODE_SIGN_STYLE = Automatic;
				CURRENT_PROJECT_VERSION = 1;
				DEVELOPMENT_TEAM = CZJ4B54BQ5;
				GENERATE_INFOPLIST_FILE = YES;
				INFOPLIST_FILE = "olympic-drone/Info.plist";
				INFOPLIST_KEY_CFBundleDisplayName = "Olympic Drone";
				INFOPLIST_KEY_UIApplicationSupportsIndirectInputEvents = YES;
				INFOPLIST_KEY_UILaunchStoryboardName = LaunchScreen;
				INFOPLIST_KEY_UIMainStoryboardFile = Main;
				INFOPLIST_KEY_UIRequiresFullScreen = YES;
				INFOPLIST_KEY_UISupportedInterfaceOrientations_iPad = "UIInterfaceOrientationPortraitUpsideDown UIInterfaceOrientationLandscapeLeft UIInterfaceOrientationLandscapeRight";
				INFOPLIST_KEY_UISupportedInterfaceOrientations_iPhone = "UIInterfaceOrientationPortrait UIInterfaceOrientationLandscapeLeft UIInterfaceOrientationLandscapeRight";
				LD_RUNPATH_SEARCH_PATHS = (
					"$(inherited)",
					"@executable_path/Frameworks",
				);
				MARKETING_VERSION = 1.0;
				PRODUCT_BUNDLE_IDENTIFIER = "net.cmwang.olympic-drone";
				PRODUCT_NAME = "$(TARGET_NAME)";
				SWIFT_EMIT_LOC_STRINGS = YES;
				SWIFT_VERSION = 5.0;
				TARGETED_DEVICE_FAMILY = 2;
			};
			name = Release;
		};
/* End XCBuildConfiguration section */

/* Begin XCConfigurationList section */
		3B697B0C27E4C24500A68494 /* Build configuration list for PBXProject "olympic-drone" */ = {
			isa = XCConfigurationList;
			buildConfigurations = (
				3B697B2327E4C24800A68494 /* Debug */,
				3B697B2427E4C24800A68494 /* Release */,
			);
			defaultConfigurationIsVisible = 0;
			defaultConfigurationName = Release;
		};
		3B697B2527E4C24800A68494 /* Build configuration list for PBXNativeTarget "olympic-drone" */ = {
			isa = XCConfigurationList;
			buildConfigurations = (
				3B697B2627E4C24800A68494 /* Debug */,
				3B697B2727E4C24800A68494 /* Release */,
			);
			defaultConfigurationIsVisible = 0;
			defaultConfigurationName = Release;
		};
/* End XCConfigurationList section */
	};
	rootObject = 3B697B0927E4C24500A68494 /* Project object */;
}
